# THIS IS AN AUTOGENERATED FILE. DO NOT EDIT THIS FILE DIRECTLY.
# yarn lockfile v1


chalk@^5.0.0:
  version "5.0.0"
  resolved "https://registry.yarnpkg.com/chalk/-/chalk-5.0.0.tgz#bd96c6bb8e02b96e08c0c3ee2a9d90e050c7b832"
  integrity sha512-/duVOqst+luxCQRKEo4bNxinsOQtMP80ZYm7mMqzuh5PociNL0PvmHFvREJ9ueYL2TxlHjBcmLCdmocx9Vg+IQ==

leftpad@~0.0.1:
  version "0.0.1"
  resolved "https://registry.yarnpkg.com/leftpad/-/leftpad-0.0.1.tgz#86b1a4de4face180ac545a83f1503523d8fed115"
  integrity sha1-hrGk3k+s4YCsVFqD8VA1I9j+0RU=
