# This file is generated by running "yarn install" inside your project.
# Manual changes might be lost - proceed with caution!

__metadata:
  version: 8
  cacheKey: 10c0

"berry_simple_app@workspace:.":
  version: 0.0.0-use.local
  resolution: "berry_simple_app@workspace:."
  dependencies:
    leftpad: "npm:~0.0.1"
  languageName: unknown
  linkType: soft

"leftpad@npm:~0.0.1":
  version: 0.0.1
  resolution: "leftpad@npm:0.0.1"
  checksum: 10c0/610aa10ae6ea09f038b5f3c5048948a0e62579ed56daa854217bbe7b04d29aa33d8e3b1f0eff5a4a7455e5c8699c1b23f44e2f35fec77bc900aff12421f50d56
  languageName: node
  linkType: hard
