# This file is generated by running "yarn install" inside your project.
# Manual changes might be lost - proceed with caution!

__metadata:
  version: 6
  cacheKey: 8

"leftpad@npm:~0.0.1":
  version: 0.0.1
  resolution: "leftpad@npm:0.0.1"
  checksum: ca725b724fe748086385d6bdea80a0b76519b8fddeec0d200e7eaa214a57ec5d8e2687561547478af57020418b1015be00c4ffb982b3100ca09b902ec87fb7ac
  languageName: node
  linkType: hard

"simple_app@workspace:.":
  version: 0.0.0-use.local
  resolution: "simple_app@workspace:."
  dependencies:
    leftpad: ~0.0.1
  languageName: unknown
  linkType: soft
