# THIS IS AN AUTOGENERATED FILE. DO NOT EDIT THIS FILE DIRECTLY.
# yarn lockfile v1


leftpad@~0.0.1:
  version "0.0.1"
  resolved "https://registry.yarnpkg.com/leftpad/-/leftpad-0.0.1.tgz#86b1a4de4face180ac545a83f1503523d8fed115"
  integrity sha1-hrGk3k+s4YCsVFqD8VA1I9j+0RU=

lodash@4.x:
  version "4.17.11"
  resolved "https://registry.yarnpkg.com/lodash/-/lodash-4.17.11.tgz#b39ea6229ef607ecd89e2c8df12536891cac9b8d"
  integrity sha512-cQKh8igo5QUhZ7lg38DYWAxMvjSAKG0A8wGSVimP07SIUEK2UO+arSRKbRZWtelMtN5V0Hkwh5ryOto/SshYIg==

logfmt@^1.2.1:
  version "1.2.1"
  resolved "https://registry.yarnpkg.com/logfmt/-/logfmt-1.2.1.tgz#0e99838eb3a87fb6272d6d2b4fc327b95a29abee"
  integrity sha512-QlZuQi8AlGbrXfW7LrxH/lhyFjI6Xr2DNSrIzhtIJAicAgl21P2gHpqABR3Sh0Kd4dvwTAej6jDVdh0o/HwfcA==
  dependencies:
    lodash "4.x"
    split "0.2.x"
    through "2.3.x"

split@0.2.x:
  version "0.2.10"
  resolved "https://registry.yarnpkg.com/split/-/split-0.2.10.tgz#67097c601d697ce1368f418f06cd201cf0521a57"
  integrity sha1-Zwl8YB1pfOE2j0GPBs0gHPBSGlc=
  dependencies:
    through "2"

through@2, through@2.3.x:
  version "2.3.8"
  resolved "https://registry.yarnpkg.com/through/-/through-2.3.8.tgz#0dd4c9ffaabc357960b1b724115d7e0e86a2e1f5"
  integrity sha1-DdTJ/6q8NXlgsbckEV1+Doai4fU=
